// !$*UTF8*$!
{
	archiveVersion = 1;
	classes = {
	};
	objectVersion = 56;
	objects = {

/* Begin PBXBuildFile section */
		D04AA9352C2C10A200BC9EA9 /* SalamIOsApp.swift in Sources */ = {isa = PBXBuildFile; fileRef = D04AA9342C2C10A200BC9EA9 /* SalamIOsApp.swift */; };
		D04AA9372C2C10A200BC9EA9 /* ContentView.swift in Sources */ = {isa = PBXBuildFile; fileRef = D04AA9362C2C10A200BC9EA9 /* ContentView.swift */; };
		D04AA9392C2C10A300BC9EA9 /* Assets.xcassets in Resources */ = {isa = PBXBuildFile; fileRef = D04AA9382C2C10A300BC9EA9 /* Assets.xcassets */; };
		D04AA93C2C2C10A300BC9EA9 /* Preview Assets.xcassets in Resources */ = {isa = PBXBuildFile; fileRef = D04AA93B2C2C10A300BC9EA9 /* Preview Assets.xcassets */; };
		D04AA9462C2C10A300BC9EA9 /* SalamIOsTests.swift in Sources */ = {isa = PBXBuildFile; fileRef = D04AA9452C2C10A300BC9EA9 /* SalamIOsTests.swift */; };
		D04AA9502C2C10A300BC9EA9 /* SalamIOsUITests.swift in Sources */ = {isa = PBXBuildFile; fileRef = D04AA94F2C2C10A300BC9EA9 /* SalamIOsUITests.swift */; };
		D04AA9522C2C10A300BC9EA9 /* SalamIOsUITestsLaunchTests.swift in Sources */ = {isa = PBXBuildFile; fileRef = D04AA9512C2C10A300BC9EA9 /* SalamIOsUITestsLaunchTests.swift */; };
/* End PBXBuildFile section */

/* Begin PBXContainerItemProxy section */
		D04AA9422C2C10A300BC9EA9 /* PBXContainerItemProxy */ = {
			isa = PBXContainerItemProxy;
			containerPortal = D04AA9292C2C10A200BC9EA9 /* Project object */;
			proxyType = 1;
			remoteGlobalIDString = D04AA9302C2C10A200BC9EA9;
			remoteInfo = SalamIOs;
		};
		D04AA94C2C2C10A300BC9EA9 /* PBXContainerItemProxy */ = {
			isa = PBXContainerItemProxy;
			containerPortal = D04AA9292C2C10A200BC9EA9 /* Project object */;
			proxyType = 1;
			remoteGlobalIDString = D04AA9302C2C10A200BC9EA9;
			remoteInfo = SalamIOs;
		};
/* End PBXContainerItemProxy section */

/* Begin PBXFileReference section */
		D04AA9312C2C10A200BC9EA9 /* SalamIOs.app */ = {isa = PBXFileReference; explicitFileType = wrapper.application; includeInIndex = 0; path = SalamIOs.app; sourceTree = BUILT_PRODUCTS_DIR; };
		D04AA9342C2C10A200BC9EA9 /* SalamIOsApp.swift */ = {isa = PBXFileReference; lastKnownFileType = sourcecode.swift; path = SalamIOsApp.swift; sourceTree = "<group>"; };
		D04AA9362C2C10A200BC9EA9 /* ContentView.swift */ = {isa = PBXFileReference; lastKnownFileType = sourcecode.swift; path = ContentView.swift; sourceTree = "<group>"; };
		D04AA9382C2C10A300BC9EA9 /* Assets.xcassets */ = {isa = PBXFileReference; lastKnownFileType = folder.assetcatalog; path = Assets.xcassets; sourceTree = "<group>"; };
		D04AA93B2C2C10A300BC9EA9 /* Preview Assets.xcassets */ = {isa = PBXFileReference; lastKnownFileType = folder.assetcatalog; path = "Preview Assets.xcassets"; sourceTree = "<group>"; };
		D04AA9412C2C10A300BC9EA9 /* SalamIOsTests.xctest */ = {isa = PBXFileReference; explicitFileType = wrapper.cfbundle; includeInIndex = 0; path = SalamIOsTests.xctest; sourceTree = BUILT_PRODUCTS_DIR; };
		D04AA9452C2C10A300BC9EA9 /* SalamIOsTests.swift */ = {isa = PBXFileReference; lastKnownFileType = sourcecode.swift; path = SalamIOsTests.swift; sourceTree = "<group>"; };
		D04AA94B2C2C10A300BC9EA9 /* SalamIOsUITests.xctest */ = {isa = PBXFileReference; explicitFileType = wrapper.cfbundle; includeInIndex = 0; path = SalamIOsUITests.xctest; sourceTree = BUILT_PRODUCTS_DIR; };
		D04AA94F2C2C10A300BC9EA9 /* SalamIOsUITests.swift */ = {isa = PBXFileReference; lastKnownFileType = sourcecode.swift; path = SalamIOsUITests.swift; sourceTree = "<group>"; };
		D04AA9512C2C10A300BC9EA9 /* SalamIOsUITestsLaunchTests.swift */ = {isa = PBXFileReference; lastKnownFileType = sourcecode.swift; path = SalamIOsUITestsLaunchTests.swift; sourceTree = "<group>"; };
/* End PBXFileReference section */

/* Begin PBXFrameworksBuildPhase section */
		D04AA92E2C2C10A200BC9EA9 /* Frameworks */ = {
			isa = PBXFrameworksBuildPhase;
			buildActionMask = 2147483647;
			files = (
			);
			runOnlyForDeploymentPostprocessing = 0;
		};
		D04AA93E2C2C10A300BC9EA9 /* Frameworks */ = {
			isa = PBXFrameworksBuildPhase;
			buildActionMask = 2147483647;
			files = (
			);
			runOnlyForDeploymentPostprocessing = 0;
		};
		D04AA9482C2C10A300BC9EA9 /* Frameworks */ = {
			isa = PBXFrameworksBuildPhase;
			buildActionMask = 2147483647;
			files = (
			);
			runOnlyForDeploymentPostprocessing = 0;
		};
/* End PBXFrameworksBuildPhase section */

/* Begin PBXGroup section */
		D04AA9282C2C10A200BC9EA9 = {
			isa = PBXGroup;
			children = (
				D04AA9332C2C10A200BC9EA9 /* SalamIOs */,
				D04AA9442C2C10A300BC9EA9 /* SalamIOsTests */,
				D04AA94E2C2C10A300BC9EA9 /* SalamIOsUITests */,
				D04AA9322C2C10A200BC9EA9 /* Products */,
			);
			sourceTree = "<group>";
		};
		D04AA9322C2C10A200BC9EA9 /* Products */ = {
			isa = PBXGroup;
			children = (
				D04AA9312C2C10A200BC9EA9 /* SalamIOs.app */,
				D04AA9412C2C10A300BC9EA9 /* SalamIOsTests.xctest */,
				D04AA94B2C2C10A300BC9EA9 /* SalamIOsUITests.xctest */,
			);
			name = Products;
			sourceTree = "<group>";
		};
		D04AA9332C2C10A200BC9EA9 /* SalamIOs */ = {
			isa = PBXGroup;
			children = (
				D04AA9342C2C10A200BC9EA9 /* SalamIOsApp.swift */,
				D04AA9362C2C10A200BC9EA9 /* ContentView.swift */,
				D04AA9382C2C10A300BC9EA9 /* Assets.xcassets */,
				D04AA93A2C2C10A300BC9EA9 /* Preview Content */,
			);
			path = SalamIOs;
			sourceTree = "<group>";
		};
		D04AA93A2C2C10A300BC9EA9 /* Preview Content */ = {
			isa = PBXGroup;
			children = (
				D04AA93B2C2C10A300BC9EA9 /* Preview Assets.xcassets */,
			);
			path = "Preview Content";
			sourceTree = "<group>";
		};
		D04AA9442C2C10A300BC9EA9 /* SalamIOsTests */ = {
			isa = PBXGroup;
			children = (
				D04AA9452C2C10A300BC9EA9 /* SalamIOsTests.swift */,
			);
			path = SalamIOsTests;
			sourceTree = "<group>";
		};
		D04AA94E2C2C10A300BC9EA9 /* SalamIOsUITests */ = {
			isa = PBXGroup;
			children = (
				D04AA94F2C2C10A300BC9EA9 /* SalamIOsUITests.swift */,
				D04AA9512C2C10A300BC9EA9 /* SalamIOsUITestsLaunchTests.swift */,
			);
			path = SalamIOsUITests;
			sourceTree = "<group>";
		};
/* End PBXGroup section */

/* Begin PBXNativeTarget section */
		D04AA9302C2C10A200BC9EA9 /* SalamIOs */ = {
			isa = PBXNativeTarget;
			buildConfigurationList = D04AA9552C2C10A300BC9EA9 /* Build configuration list for PBXNativeTarget "SalamIOs" */;
			buildPhases = (
				D04AA92D2C2C10A200BC9EA9 /* Sources */,
				D04AA92E2C2C10A200BC9EA9 /* Frameworks */,
				D04AA92F2C2C10A200BC9EA9 /* Resources */,
			);
			buildRules = (
			);
			dependencies = (
			);
			name = SalamIOs;
			productName = SalamIOs;
			productReference = D04AA9312C2C10A200BC9EA9 /* SalamIOs.app */;
			productType = "com.apple.product-type.application";
		};
		D04AA9402C2C10A300BC9EA9 /* SalamIOsTests */ = {
			isa = PBXNativeTarget;
			buildConfigurationList = D04AA9582C2C10A300BC9EA9 /* Build configuration list for PBXNativeTarget "SalamIOsTests" */;
			buildPhases = (
				D04AA93D2C2C10A300BC9EA9 /* Sources */,
				D04AA93E2C2C10A300BC9EA9 /* Frameworks */,
				D04AA93F2C2C10A300BC9EA9 /* Resources */,
			);
			buildRules = (
			);
			dependencies = (
				D04AA9432C2C10A300BC9EA9 /* PBXTargetDependency */,
			);
			name = SalamIOsTests;
			productName = SalamIOsTests;
			productReference = D04AA9412C2C10A300BC9EA9 /* SalamIOsTests.xctest */;
			productType = "com.apple.product-type.bundle.unit-test";
		};
		D04AA94A2C2C10A300BC9EA9 /* SalamIOsUITests */ = {
			isa = PBXNativeTarget;
			buildConfigurationList = D04AA95B2C2C10A300BC9EA9 /* Build configuration list for PBXNativeTarget "SalamIOsUITests" */;
			buildPhases = (
				D04AA9472C2C10A300BC9EA9 /* Sources */,
				D04AA9482C2C10A300BC9EA9 /* Frameworks */,
				D04AA9492C2C10A300BC9EA9 /* Resources */,
			);
			buildRules = (
			);
			dependencies = (
				D04AA94D2C2C10A300BC9EA9 /* PBXTargetDependency */,
			);
			name = SalamIOsUITests;
			productName = SalamIOsUITests;
			productReference = D04AA94B2C2C10A300BC9EA9 /* SalamIOsUITests.xctest */;
			productType = "com.apple.product-type.bundle.ui-testing";
		};
/* End PBXNativeTarget section */

/* Begin PBXProject section */
		D04AA9292C2C10A200BC9EA9 /* Project object */ = {
			isa = PBXProject;
			attributes = {
				BuildIndependentTargetsInParallel = 1;
				LastSwiftUpdateCheck = 1430;
				LastUpgradeCheck = 1430;
				TargetAttributes = {
					D04AA9302C2C10A200BC9EA9 = {
						CreatedOnToolsVersion = 14.3.1;
					};
					D04AA9402C2C10A300BC9EA9 = {
						CreatedOnToolsVersion = 14.3.1;
						TestTargetID = D04AA9302C2C10A200BC9EA9;
					};
					D04AA94A2C2C10A300BC9EA9 = {
						CreatedOnToolsVersion = 14.3.1;
						TestTargetID = D04AA9302C2C10A200BC9EA9;
					};
				};
			};
			buildConfigurationList = D04AA92C2C2C10A200BC9EA9 /* Build configuration list for PBXProject "SalamIOs" */;
			compatibilityVersion = "Xcode 14.0";
			developmentRegion = en;
			hasScannedForEncodings = 0;
			knownRegions = (
				en,
				Base,
			);
			mainGroup = D04AA9282C2C10A200BC9EA9;
			productRefGroup = D04AA9322C2C10A200BC9EA9 /* Products */;
			projectDirPath = "";
			projectRoot = "";
			targets = (
				D04AA9302C2C10A200BC9EA9 /* SalamIOs */,
				D04AA9402C2C10A300BC9EA9 /* SalamIOsTests */,
				D04AA94A2C2C10A300BC9EA9 /* SalamIOsUITests */,
			);
		};
/* End PBXProject section */

/* Begin PBXResourcesBuildPhase section */
		D04AA92F2C2C10A200BC9EA9 /* Resources */ = {
			isa = PBXResourcesBuildPhase;
			buildActionMask = 2147483647;
			files = (
				D04AA93C2C2C10A300BC9EA9 /* Preview Assets.xcassets in Resources */,
				D04AA9392C2C10A300BC9EA9 /* Assets.xcassets in Resources */,
			);
			runOnlyForDeploymentPostprocessing = 0;
		};
		D04AA93F2C2C10A300BC9EA9 /* Resources */ = {
			isa = PBXResourcesBuildPhase;
			buildActionMask = 2147483647;
			files = (
			);
			runOnlyForDeploymentPostprocessing = 0;
		};
		D04AA9492C2C10A300BC9EA9 /* Resources */ = {
			isa = PBXResourcesBuildPhase;
			buildActionMask = 2147483647;
			files = (
			);
			runOnlyForDeploymentPostprocessing = 0;
		};
/* End PBXResourcesBuildPhase section */

/* Begin PBXSourcesBuildPhase section */
		D04AA92D2C2C10A200BC9EA9 /* Sources */ = {
			isa = PBXSourcesBuildPhase;
			buildActionMask = 2147483647;
			files = (
				D04AA9372C2C10A200BC9EA9 /* ContentView.swift in Sources */,
				D04AA9352C2C10A200BC9EA9 /* SalamIOsApp.swift in Sources */,
			);
			runOnlyForDeploymentPostprocessing = 0;
		};
		D04AA93D2C2C10A300BC9EA9 /* Sources */ = {
			isa = PBXSourcesBuildPhase;
			buildActionMask = 2147483647;
			files = (
				D04AA9462C2C10A300BC9EA9 /* SalamIOsTests.swift in Sources */,
			);
			runOnlyForDeploymentPostprocessing = 0;
		};
		D04AA9472C2C10A300BC9EA9 /* Sources */ = {
			isa = PBXSourcesBuildPhase;
			buildActionMask = 2147483647;
			files = (
				D04AA9522C2C10A300BC9EA9 /* SalamIOsUITestsLaunchTests.swift in Sources */,
				D04AA9502C2C10A300BC9EA9 /* SalamIOsUITests.swift in Sources */,
			);
			runOnlyForDeploymentPostprocessing = 0;
		};
/* End PBXSourcesBuildPhase section */

/* Begin PBXTargetDependency section */
		D04AA9432C2C10A300BC9EA9 /* PBXTargetDependency */ = {
			isa = PBXTargetDependency;
			target = D04AA9302C2C10A200BC9EA9 /* SalamIOs */;
			targetProxy = D04AA9422C2C10A300BC9EA9 /* PBXContainerItemProxy */;
		};
		D04AA94D2C2C10A300BC9EA9 /* PBXTargetDependency */ = {
			isa = PBXTargetDependency;
			target = D04AA9302C2C10A200BC9EA9 /* SalamIOs */;
			targetProxy = D04AA94C2C2C10A300BC9EA9 /* PBXContainerItemProxy */;
		};
/* End PBXTargetDependency section */

/* Begin XCBuildConfiguration section */
		D04AA9532C2C10A300BC9EA9 /* Debug */ = {
			isa = XCBuildConfiguration;
			buildSettings = {
				ALWAYS_SEARCH_USER_PATHS = NO;
				CLANG_ANALYZER_NONNULL = YES;
				CLANG_ANALYZER_NUMBER_OBJECT_CONVERSION = YES_AGGRESSIVE;
				CLANG_CXX_LANGUAGE_STANDARD = "gnu++20";
				CLANG_ENABLE_MODULES = YES;
				CLANG_ENABLE_OBJC_ARC = YES;
				CLANG_ENABLE_OBJC_WEAK = YES;
				CLANG_WARN_BLOCK_CAPTURE_AUTORELEASING = YES;
				CLANG_WARN_BOOL_CONVERSION = YES;
				CLANG_WARN_COMMA = YES;
				CLANG_WARN_CONSTANT_CONVERSION = YES;
				CLANG_WARN_DEPRECATED_OBJC_IMPLEMENTATIONS = YES;
				CLANG_WARN_DIRECT_OBJC_ISA_USAGE = YES_ERROR;
				CLANG_WARN_DOCUMENTATION_COMMENTS = YES;
				CLANG_WARN_EMPTY_BODY = YES;
				CLANG_WARN_ENUM_CONVERSION = YES;
				CLANG_WARN_INFINITE_RECURSION = YES;
				CLANG_WARN_INT_CONVERSION = YES;
				CLANG_WARN_NON_LITERAL_NULL_CONVERSION = YES;
				CLANG_WARN_OBJC_IMPLICIT_RETAIN_SELF = YES;
				CLANG_WARN_OBJC_LITERAL_CONVERSION = YES;
				CLANG_WARN_OBJC_ROOT_CLASS = YES_ERROR;
				CLANG_WARN_QUOTED_INCLUDE_IN_FRAMEWORK_HEADER = YES;
				CLANG_WARN_RANGE_LOOP_ANALYSIS = YES;
				CLANG_WARN_STRICT_PROTOTYPES = YES;
				CLANG_WARN_SUSPICIOUS_MOVE = YES;
				CLANG_WARN_UNGUARDED_AVAILABILITY = YES_AGGRESSIVE;
				CLANG_WARN_UNREACHABLE_CODE = YES;
				CLANG_WARN__DUPLICATE_METHOD_MATCH = YES;
				COPY_PHASE_STRIP = NO;
				DEBUG_INFORMATION_FORMAT = dwarf;
				ENABLE_STRICT_OBJC_MSGSEND = YES;
				ENABLE_TESTABILITY = YES;
				GCC_C_LANGUAGE_STANDARD = gnu11;
				GCC_DYNAMIC_NO_PIC = NO;
				GCC_NO_COMMON_BLOCKS = YES;
				GCC_OPTIMIZATION_LEVEL = 0;
				GCC_PREPROCESSOR_DEFINITIONS = (
					"DEBUG=1",
					"$(inherited)",
				);
				GCC_WARN_64_TO_32_BIT_CONVERSION = YES;
				GCC_WARN_ABOUT_RETURN_TYPE = YES_ERROR;
				GCC_WARN_UNDECLARED_SELECTOR = YES;
				GCC_WARN_UNINITIALIZED_AUTOS = YES_AGGRESSIVE;
				GCC_WARN_UNUSED_FUNCTION = YES;
				GCC_WARN_UNUSED_VARIABLE = YES;
				IPHONEOS_DEPLOYMENT_TARGET = 16.4;
				MTL_ENABLE_DEBUG_INFO = INCLUDE_SOURCE;
				MTL_FAST_MATH = YES;
				ONLY_ACTIVE_ARCH = YES;
				SDKROOT = iphoneos;
				SWIFT_ACTIVE_COMPILATION_CONDITIONS = DEBUG;
				SWIFT_OPTIMIZATION_LEVEL = "-Onone";
			};
			name = Debug;
		};
		D04AA9542C2C10A300BC9EA9 /* Release */ = {
			isa = XCBuildConfiguration;
			buildSettings = {
				ALWAYS_SEARCH_USER_PATHS = NO;
				CLANG_ANALYZER_NONNULL = YES;
				CLANG_ANALYZER_NUMBER_OBJECT_CONVERSION = YES_AGGRESSIVE;
				CLANG_CXX_LANGUAGE_STANDARD = "gnu++20";
				CLANG_ENABLE_MODULES = YES;
				CLANG_ENABLE_OBJC_ARC = YES;
				CLANG_ENABLE_OBJC_WEAK = YES;
				CLANG_WARN_BLOCK_CAPTURE_AUTORELEASING = YES;
				CLANG_WARN_BOOL_CONVERSION = YES;
				CLANG_WARN_COMMA = YES;
				CLANG_WARN_CONSTANT_CONVERSION = YES;
				CLANG_WARN_DEPRECATED_OBJC_IMPLEMENTATIONS = YES;
				CLANG_WARN_DIRECT_OBJC_ISA_USAGE = YES_ERROR;
				CLANG_WARN_DOCUMENTATION_COMMENTS = YES;
				CLANG_WARN_EMPTY_BODY = YES;
				CLANG_WARN_ENUM_CONVERSION = YES;
				CLANG_WARN_INFINITE_RECURSION = YES;
				CLANG_WARN_INT_CONVERSION = YES;
				CLANG_WARN_NON_LITERAL_NULL_CONVERSION = YES;
				CLANG_WARN_OBJC_IMPLICIT_RETAIN_SELF = YES;
				CLANG_WARN_OBJC_LITERAL_CONVERSION = YES;
				CLANG_WARN_OBJC_ROOT_CLASS = YES_ERROR;
				CLANG_WARN_QUOTED_INCLUDE_IN_FRAMEWORK_HEADER = YES;
				CLANG_WARN_RANGE_LOOP_ANALYSIS = YES;
				CLANG_WARN_STRICT_PROTOTYPES = YES;
				CLANG_WARN_SUSPICIOUS_MOVE = YES;
				CLANG_WARN_UNGUARDED_AVAILABILITY = YES_AGGRESSIVE;
				CLANG_WARN_UNREACHABLE_CODE = YES;
				CLANG_WARN__DUPLICATE_METHOD_MATCH = YES;
				COPY_PHASE_STRIP = NO;
				DEBUG_INFORMATION_FORMAT = "dwarf-with-dsym";
				ENABLE_NS_ASSERTIONS = NO;
				ENABLE_STRICT_OBJC_MSGSEND = YES;
				GCC_C_LANGUAGE_STANDARD = gnu11;
				GCC_NO_COMMON_BLOCKS = YES;
				GCC_WARN_64_TO_32_BIT_CONVERSION = YES;
				GCC_WARN_ABOUT_RETURN_TYPE = YES_ERROR;
				GCC_WARN_UNDECLARED_SELECTOR = YES;
				GCC_WARN_UNINITIALIZED_AUTOS = YES_AGGRESSIVE;
				GCC_WARN_UNUSED_FUNCTION = YES;
				GCC_WARN_UNUSED_VARIABLE = YES;
				IPHONEOS_DEPLOYMENT_TARGET = 16.4;
				MTL_ENABLE_DEBUG_INFO = NO;
				MTL_FAST_MATH = YES;
				SDKROOT = iphoneos;
				SWIFT_COMPILATION_MODE = wholemodule;
				SWIFT_OPTIMIZATION_LEVEL = "-O";
				VALIDATE_PRODUCT = YES;
			};
			name = Release;
		};
		D04AA9562C2C10A300BC9EA9 /* Debug */ = {
			isa = XCBuildConfiguration;
			buildSettings = {
				ASSETCATALOG_COMPILER_APPICON_NAME = AppIcon;
				ASSETCATALOG_COMPILER_GLOBAL_ACCENT_COLOR_NAME = AccentColor;
				CODE_SIGN_STYLE = Automatic;
				CURRENT_PROJECT_VERSION = 1;
				DEVELOPMENT_ASSET_PATHS = "\"SalamIOs/Preview Content\"";
				DEVELOPMENT_TEAM = 4V3VYDP5YH;
				ENABLE_PREVIEWS = YES;
				GENERATE_INFOPLIST_FILE = YES;
				INFOPLIST_KEY_UIApplicationSceneManifest_Generation = YES;
				INFOPLIST_KEY_UIApplicationSupportsIndirectInputEvents = YES;
				INFOPLIST_KEY_UILaunchScreen_Generation = YES;
				INFOPLIST_KEY_UISupportedInterfaceOrientations_iPad = "UIInterfaceOrientationPortrait UIInterfaceOrientationPortraitUpsideDown UIInterfaceOrientationLandscapeLeft UIInterfaceOrientationLandscapeRight";
				INFOPLIST_KEY_UISupportedInterfaceOrientations_iPhone = "UIInterfaceOrientationPortrait UIInterfaceOrientationLandscapeLeft UIInterfaceOrientationLandscapeRight";
				LD_RUNPATH_SEARCH_PATHS = (
					"$(inherited)",
					"@executable_path/Frameworks",
				);
				MARKETING_VERSION = 1.0;
				PRODUCT_BUNDLE_IDENTIFIER = johan.SalamIOs;
				PRODUCT_NAME = "$(TARGET_NAME)";
				SWIFT_EMIT_LOC_STRINGS = YES;
				SWIFT_VERSION = 5.0;
				TARGETED_DEVICE_FAMILY = "1,2";
			};
			name = Debug;
		};
		D04AA9572C2C10A300BC9EA9 /* Release */ = {
			isa = XCBuildConfiguration;
			buildSettings = {
				ASSETCATALOG_COMPILER_APPICON_NAME = AppIcon;
				ASSETCATALOG_COMPILER_GLOBAL_ACCENT_COLOR_NAME = AccentColor;
				CODE_SIGN_STYLE = Automatic;
				CURRENT_PROJECT_VERSION = 1;
				DEVELOPMENT_ASSET_PATHS = "\"SalamIOs/Preview Content\"";
				DEVELOPMENT_TEAM = 4V3VYDP5YH;
				ENABLE_PREVIEWS = YES;
				GENERATE_INFOPLIST_FILE = YES;
				INFOPLIST_KEY_UIApplicationSceneManifest_Generation = YES;
				INFOPLIST_KEY_UIApplicationSupportsIndirectInputEvents = YES;
				INFOPLIST_KEY_UILaunchScreen_Generation = YES;
				INFOPLIST_KEY_UISupportedInterfaceOrientations_iPad = "UIInterfaceOrientationPortrait UIInterfaceOrientationPortraitUpsideDown UIInterfaceOrientationLandscapeLeft UIInterfaceOrientationLandscapeRight";
				INFOPLIST_KEY_UISupportedInterfaceOrientations_iPhone = "UIInterfaceOrientationPortrait UIInterfaceOrientationLandscapeLeft UIInterfaceOrientationLandscapeRight";
				LD_RUNPATH_SEARCH_PATHS = (
					"$(inherited)",
					"@executable_path/Frameworks",
				);
				MARKETING_VERSION = 1.0;
				PRODUCT_BUNDLE_IDENTIFIER = johan.SalamIOs;
				PRODUCT_NAME = "$(TARGET_NAME)";
				SWIFT_EMIT_LOC_STRINGS = YES;
				SWIFT_VERSION = 5.0;
				TARGETED_DEVICE_FAMILY = "1,2";
			};
			name = Release;
		};
		D04AA9592C2C10A300BC9EA9 /* Debug */ = {
			isa = XCBuildConfiguration;
			buildSettings = {
				ALWAYS_EMBED_SWIFT_STANDARD_LIBRARIES = YES;
				BUNDLE_LOADER = "$(TEST_HOST)";
				CODE_SIGN_STYLE = Automatic;
				CURRENT_PROJECT_VERSION = 1;
				DEVELOPMENT_TEAM = 4V3VYDP5YH;
				GENERATE_INFOPLIST_FILE = YES;
				IPHONEOS_DEPLOYMENT_TARGET = 16.4;
				MARKETING_VERSION = 1.0;
				PRODUCT_BUNDLE_IDENTIFIER = johan.SalamIOsTests;
				PRODUCT_NAME = "$(TARGET_NAME)";
				SWIFT_EMIT_LOC_STRINGS = NO;
				SWIFT_VERSION = 5.0;
				TARGETED_DEVICE_FAMILY = "1,2";
				TEST_HOST = "$(BUILT_PRODUCTS_DIR)/SalamIOs.app/$(BUNDLE_EXECUTABLE_FOLDER_PATH)/SalamIOs";
			};
			name = Debug;
		};
		D04AA95A2C2C10A300BC9EA9 /* Release */ = {
			isa = XCBuildConfiguration;
			buildSettings = {
				ALWAYS_EMBED_SWIFT_STANDARD_LIBRARIES = YES;
				BUNDLE_LOADER = "$(TEST_HOST)";
				CODE_SIGN_STYLE = Automatic;
				CURRENT_PROJECT_VERSION = 1;
				DEVELOPMENT_TEAM = 4V3VYDP5YH;
				GENERATE_INFOPLIST_FILE = YES;
				IPHONEOS_DEPLOYMENT_TARGET = 16.4;
				MARKETING_VERSION = 1.0;
				PRODUCT_BUNDLE_IDENTIFIER = johan.SalamIOsTests;
				PRODUCT_NAME = "$(TARGET_NAME)";
				SWIFT_EMIT_LOC_STRINGS = NO;
				SWIFT_VERSION = 5.0;
				TARGETED_DEVICE_FAMILY = "1,2";
				TEST_HOST = "$(BUILT_PRODUCTS_DIR)/SalamIOs.app/$(BUNDLE_EXECUTABLE_FOLDER_PATH)/SalamIOs";
			};
			name = Release;
		};
		D04AA95C2C2C10A300BC9EA9 /* Debug */ = {
			isa = XCBuildConfiguration;
			buildSettings = {
				ALWAYS_EMBED_SWIFT_STANDARD_LIBRARIES = YES;
				CODE_SIGN_STYLE = Automatic;
				CURRENT_PROJECT_VERSION = 1;
				DEVELOPMENT_TEAM = 4V3VYDP5YH;
				GENERATE_INFOPLIST_FILE = YES;
				MARKETING_VERSION = 1.0;
				PRODUCT_BUNDLE_IDENTIFIER = johan.SalamIOsUITests;
				PRODUCT_NAME = "$(TARGET_NAME)";
				SWIFT_EMIT_LOC_STRINGS = NO;
				SWIFT_VERSION = 5.0;
				TARGETED_DEVICE_FAMILY = "1,2";
				TEST_TARGET_NAME = SalamIOs;
			};
			name = Debug;
		};
		D04AA95D2C2C10A300BC9EA9 /* Release */ = {
			isa = XCBuildConfiguration;
			buildSettings = {
				ALWAYS_EMBED_SWIFT_STANDARD_LIBRARIES = YES;
				CODE_SIGN_STYLE = Automatic;
				CURRENT_PROJECT_VERSION = 1;
				DEVELOPMENT_TEAM = 4V3VYDP5YH;
				GENERATE_INFOPLIST_FILE = YES;
				MARKETING_VERSION = 1.0;
				PRODUCT_BUNDLE_IDENTIFIER = johan.SalamIOsUITests;
				PRODUCT_NAME = "$(TARGET_NAME)";
				SWIFT_EMIT_LOC_STRINGS = NO;
				SWIFT_VERSION = 5.0;
				TARGETED_DEVICE_FAMILY = "1,2";
				TEST_TARGET_NAME = SalamIOs;
			};
			name = Release;
		};
/* End XCBuildConfiguration section */

/* Begin XCConfigurationList section */
		D04AA92C2C2C10A200BC9EA9 /* Build configuration list for PBXProject "SalamIOs" */ = {
			isa = XCConfigurationList;
			buildConfigurations = (
				D04AA9532C2C10A300BC9EA9 /* Debug */,
				D04AA9542C2C10A300BC9EA9 /* Release */,
			);
			defaultConfigurationIsVisible = 0;
			defaultConfigurationName = Release;
		};
		D04AA9552C2C10A300BC9EA9 /* Build configuration list for PBXNativeTarget "SalamIOs" */ = {
			isa = XCConfigurationList;
			buildConfigurations = (
				D04AA9562C2C10A300BC9EA9 /* Debug */,
				D04AA9572C2C10A300BC9EA9 /* Release */,
			);
			defaultConfigurationIsVisible = 0;
			defaultConfigurationName = Release;
		};
		D04AA9582C2C10A300BC9EA9 /* Build configuration list for PBXNativeTarget "SalamIOsTests" */ = {
			isa = XCConfigurationList;
			buildConfigurations = (
				D04AA9592C2C10A300BC9EA9 /* Debug */,
				D04AA95A2C2C10A300BC9EA9 /* Release */,
			);
			defaultConfigurationIsVisible = 0;
			defaultConfigurationName = Release;
		};
		D04AA95B2C2C10A300BC9EA9 /* Build configuration list for PBXNativeTarget "SalamIOsUITests" */ = {
			isa = XCConfigurationList;
			buildConfigurations = (
				D04AA95C2C2C10A300BC9EA9 /* Debug */,
				D04AA95D2C2C10A300BC9EA9 /* Release */,
			);
			defaultConfigurationIsVisible = 0;
			defaultConfigurationName = Release;
		};
/* End XCConfigurationList section */
	};
	rootObject = D04AA9292C2C10A200BC9EA9 /* Project object */;
}
